
Microsoft Visual Studio Solution File, Format Version 12.00
# Visual Studio Version 17
VisualStudioVersion = 17.1.32421.90
MinimumVisualStudioVersion = 10.0.40219.1
Project("{2150E333-8FDC-42A3-9474-1A3956D46DE8}") = "1 - Presentation", "1 - Presentation", "{48E2B40F-4A24-49C1-A5D0-97F7D61FA6E0}"
EndProject
Project("{2150E333-8FDC-42A3-9474-1A3956D46DE8}") = "2 - Services", "2 - Services", "{2FA38D97-4836-4C21-8574-29DC7D2AE974}"
EndProject
Project("{2150E333-8FDC-42A3-9474-1A3956D46DE8}") = "3 - Application", "3 - Application", "{CD5A2D41-E62A-4464-8E1A-21B629EC7C0E}"
EndProject
Project("{2150E333-8FDC-42A3-9474-1A3956D46DE8}") = "4 - Domain", "4 - Domain", "{105C09AA-1B9E-4355-88AE-B1B56BF62A40}"
EndProject
Project("{2150E333-8FDC-42A3-9474-1A3956D46DE8}") = "5 - Infra", "5 - Infra", "{9FF87413-EBF8-4A0F-A158-E651255B8F65}"
EndProject
Project("{2150E333-8FDC-42A3-9474-1A3956D46DE8}") = "5.1 - Data", "5.1 - Data", "{EF5E7832-AD61-46C2-87F9-6C7AB85003A7}"
EndProject
Project("{2150E333-8FDC-42A3-9474-1A3956D46DE8}") = "5.2 - CrossCutting", "5.2 - CrossCutting", "{99758402-AE88-4EAB-8371-695E76F967D5}"
EndProject
Project("{9A19103F-16F7-4668-BE54-9A1E7A4F7556}") = "ApiMvno.Domain.Core", "src\ApiMvno.Domain.Core\ApiMvno.Domain.Core.csproj", "{EB06B255-2D91-4167-A2FA-C47DE22271DB}"
EndProject
Project("{9A19103F-16F7-4668-BE54-9A1E7A4F7556}") = "ApiMvno.Domain", "src\ApiMvno.Domain\ApiMvno.Domain.csproj", "{604CE24D-0AE0-4C96-85DE-6B60B5D49744}"
EndProject
Project("{9A19103F-16F7-4668-BE54-9A1E7A4F7556}") = "ApiMvno.Infra.Data", "src\ApiMvno.Infra.Data\ApiMvno.Infra.Data.csproj", "{EC6848F6-AAA4-42E5-ADF3-4B3BC7EEEDEE}"
EndProject
Project("{9A19103F-16F7-4668-BE54-9A1E7A4F7556}") = "ApiMvno.Application", "src\ApiMvno.Application\ApiMvno.Application.csproj", "{B15CAE71-034E-4C08-A0C8-231A073F4F15}"
EndProject
Project("{9A19103F-16F7-4668-BE54-9A1E7A4F7556}") = "ApiMvno.Infra.CrossCutting.IoC", "src\ApiMvno.Infra.CrossCutting.IoC\ApiMvno.Infra.CrossCutting.IoC.csproj", "{E69AFA4F-812D-4D99-8CE4-E13D68F6D7DA}"
EndProject
Project("{9A19103F-16F7-4668-BE54-9A1E7A4F7556}") = "ApiMvno.Services.Api", "src\ApiMvno.Services.Api\ApiMvno.Services.Api.csproj", "{46DCC82B-9C20-4108-A953-CA31C553FAF7}"
EndProject
Project("{2150E333-8FDC-42A3-9474-1A3956D46DE8}") = "Tests", "Tests", "{6E300A22-F66B-4703-8B03-58D65B318CF9}"
EndProject
Project("{9A19103F-16F7-4668-BE54-9A1E7A4F7556}") = "ApiMvno.Test", "tests\ApiMvno.Test\ApiMvno.Test.csproj", "{2C521167-EAA5-4E97-B358-70C7BE9F7BCE}"
EndProject
Project("{FAE04EC0-301F-11D3-BF4B-00C04F79EFBC}") = "ApiMvno.Infra.CrossCutting.Mail", "src\ApiMvno.Infra.CrossCutting.Mail\ApiMvno.Infra.CrossCutting.Mail.csproj", "{59AA8C36-ED52-49EA-A700-EA788D9FD2D7}"
EndProject
Project("{FAE04EC0-301F-11D3-BF4B-00C04F79EFBC}") = "ApiMvno.Infra.CrossCutting.Sms", "src\ApiMvno.Infra.CrossCutting.Sms\ApiMvno.Infra.CrossCutting.Sms.csproj", "{3B27F140-BB8E-492A-88E1-014FD9540AB9}"
EndProject
Global
	GlobalSection(SolutionConfigurationPlatforms) = preSolution
		Debug|Any CPU = Debug|Any CPU
		Release|Any CPU = Release|Any CPU
	EndGlobalSection
	GlobalSection(ProjectConfigurationPlatforms) = postSolution
		{EB06B255-2D91-4167-A2FA-C47DE22271DB}.Debug|Any CPU.ActiveCfg = Debug|Any CPU
		{EB06B255-2D91-4167-A2FA-C47DE22271DB}.Debug|Any CPU.Build.0 = Debug|Any CPU
		{EB06B255-2D91-4167-A2FA-C47DE22271DB}.Release|Any CPU.ActiveCfg = Release|Any CPU
		{EB06B255-2D91-4167-A2FA-C47DE22271DB}.Release|Any CPU.Build.0 = Release|Any CPU
		{604CE24D-0AE0-4C96-85DE-6B60B5D49744}.Debug|Any CPU.ActiveCfg = Debug|Any CPU
		{604CE24D-0AE0-4C96-85DE-6B60B5D49744}.Debug|Any CPU.Build.0 = Debug|Any CPU
		{604CE24D-0AE0-4C96-85DE-6B60B5D49744}.Release|Any CPU.ActiveCfg = Release|Any CPU
		{604CE24D-0AE0-4C96-85DE-6B60B5D49744}.Release|Any CPU.Build.0 = Release|Any CPU
		{EC6848F6-AAA4-42E5-ADF3-4B3BC7EEEDEE}.Debug|Any CPU.ActiveCfg = Debug|Any CPU
		{EC6848F6-AAA4-42E5-ADF3-4B3BC7EEEDEE}.Debug|Any CPU.Build.0 = Debug|Any CPU
		{EC6848F6-AAA4-42E5-ADF3-4B3BC7EEEDEE}.Release|Any CPU.ActiveCfg = Release|Any CPU
		{EC6848F6-AAA4-42E5-ADF3-4B3BC7EEEDEE}.Release|Any CPU.Build.0 = Release|Any CPU
		{B15CAE71-034E-4C08-A0C8-231A073F4F15}.Debug|Any CPU.ActiveCfg = Debug|Any CPU
		{B15CAE71-034E-4C08-A0C8-231A073F4F15}.Debug|Any CPU.Build.0 = Debug|Any CPU
		{B15CAE71-034E-4C08-A0C8-231A073F4F15}.Release|Any CPU.ActiveCfg = Release|Any CPU
		{B15CAE71-034E-4C08-A0C8-231A073F4F15}.Release|Any CPU.Build.0 = Release|Any CPU
		{E69AFA4F-812D-4D99-8CE4-E13D68F6D7DA}.Debug|Any CPU.ActiveCfg = Debug|Any CPU
		{E69AFA4F-812D-4D99-8CE4-E13D68F6D7DA}.Debug|Any CPU.Build.0 = Debug|Any CPU
		{E69AFA4F-812D-4D99-8CE4-E13D68F6D7DA}.Release|Any CPU.ActiveCfg = Release|Any CPU
		{E69AFA4F-812D-4D99-8CE4-E13D68F6D7DA}.Release|Any CPU.Build.0 = Release|Any CPU
		{46DCC82B-9C20-4108-A953-CA31C553FAF7}.Debug|Any CPU.ActiveCfg = Debug|Any CPU
		{46DCC82B-9C20-4108-A953-CA31C553FAF7}.Debug|Any CPU.Build.0 = Debug|Any CPU
		{46DCC82B-9C20-4108-A953-CA31C553FAF7}.Release|Any CPU.ActiveCfg = Release|Any CPU
		{46DCC82B-9C20-4108-A953-CA31C553FAF7}.Release|Any CPU.Build.0 = Release|Any CPU
		{2C521167-EAA5-4E97-B358-70C7BE9F7BCE}.Debug|Any CPU.ActiveCfg = Debug|Any CPU
		{2C521167-EAA5-4E97-B358-70C7BE9F7BCE}.Debug|Any CPU.Build.0 = Debug|Any CPU
		{2C521167-EAA5-4E97-B358-70C7BE9F7BCE}.Release|Any CPU.ActiveCfg = Release|Any CPU
		{2C521167-EAA5-4E97-B358-70C7BE9F7BCE}.Release|Any CPU.Build.0 = Release|Any CPU
		{59AA8C36-ED52-49EA-A700-EA788D9FD2D7}.Debug|Any CPU.ActiveCfg = Debug|Any CPU
		{59AA8C36-ED52-49EA-A700-EA788D9FD2D7}.Debug|Any CPU.Build.0 = Debug|Any CPU
		{59AA8C36-ED52-49EA-A700-EA788D9FD2D7}.Release|Any CPU.ActiveCfg = Release|Any CPU
		{59AA8C36-ED52-49EA-A700-EA788D9FD2D7}.Release|Any CPU.Build.0 = Release|Any CPU
		{3B27F140-BB8E-492A-88E1-014FD9540AB9}.Debug|Any CPU.ActiveCfg = Debug|Any CPU
		{3B27F140-BB8E-492A-88E1-014FD9540AB9}.Debug|Any CPU.Build.0 = Debug|Any CPU
		{3B27F140-BB8E-492A-88E1-014FD9540AB9}.Release|Any CPU.ActiveCfg = Release|Any CPU
		{3B27F140-BB8E-492A-88E1-014FD9540AB9}.Release|Any CPU.Build.0 = Release|Any CPU
	EndGlobalSection
	GlobalSection(SolutionProperties) = preSolution
		HideSolutionNode = FALSE
	EndGlobalSection
	GlobalSection(NestedProjects) = preSolution
		{EF5E7832-AD61-46C2-87F9-6C7AB85003A7} = {9FF87413-EBF8-4A0F-A158-E651255B8F65}
		{99758402-AE88-4EAB-8371-695E76F967D5} = {9FF87413-EBF8-4A0F-A158-E651255B8F65}
		{EB06B255-2D91-4167-A2FA-C47DE22271DB} = {105C09AA-1B9E-4355-88AE-B1B56BF62A40}
		{604CE24D-0AE0-4C96-85DE-6B60B5D49744} = {105C09AA-1B9E-4355-88AE-B1B56BF62A40}
		{EC6848F6-AAA4-42E5-ADF3-4B3BC7EEEDEE} = {EF5E7832-AD61-46C2-87F9-6C7AB85003A7}
		{B15CAE71-034E-4C08-A0C8-231A073F4F15} = {CD5A2D41-E62A-4464-8E1A-21B629EC7C0E}
		{E69AFA4F-812D-4D99-8CE4-E13D68F6D7DA} = {99758402-AE88-4EAB-8371-695E76F967D5}
		{46DCC82B-9C20-4108-A953-CA31C553FAF7} = {2FA38D97-4836-4C21-8574-29DC7D2AE974}
		{2C521167-EAA5-4E97-B358-70C7BE9F7BCE} = {6E300A22-F66B-4703-8B03-58D65B318CF9}
		{59AA8C36-ED52-49EA-A700-EA788D9FD2D7} = {99758402-AE88-4EAB-8371-695E76F967D5}
		{3B27F140-BB8E-492A-88E1-014FD9540AB9} = {99758402-AE88-4EAB-8371-695E76F967D5}
	EndGlobalSection
	GlobalSection(ExtensibilityGlobals) = postSolution
		SolutionGuid = {2D213E36-2DE6-4205-AF3B-F3155A3DF3B9}
	EndGlobalSection
EndGlobal
